
Microsoft Visual Studio Solution File, Format Version 12.00
# Visual Studio Version 17
VisualStudioVersion = 17.8.34322.80
MinimumVisualStudioVersion = 10.0.40219.1
Project("{FAE04EC0-301F-11D3-BF4B-00C04F79EFBC}") = "GameKris", "GameKris.csproj", "{1334CA66-D646-445F-95B3-28B298BC4C61}"
EndProject
Global
	GlobalSection(SolutionConfigurationPlatforms) = preSolution
		Debug|Any CPU = Debug|Any CPU
		Release|Any CPU = Release|Any CPU
	EndGlobalSection
	GlobalSection(ProjectConfigurationPlatforms) = postSolution
		{1334CA66-D646-445F-95B3-28B298BC4C61}.Debug|Any CPU.ActiveCfg = Debug|Any CPU
		{1334CA66-D646-445F-95B3-28B298BC4C61}.Debug|Any CPU.Build.0 = Debug|Any CPU
		{1334CA66-D646-445F-95B3-28B298BC4C61}.Release|Any CPU.ActiveCfg = Release|Any CPU
		{1334CA66-D646-445F-95B3-28B298BC4C61}.Release|Any CPU.Build.0 = Release|Any CPU
	EndGlobalSection
	GlobalSection(SolutionProperties) = preSolution
		HideSolutionNode = FALSE
	EndGlobalSection
	GlobalSection(ExtensibilityGlobals) = postSolution
		SolutionGuid = {5CB010E2-2C06-44F9-8324-659ED4F4F2D6}
	EndGlobalSection
EndGlobal
